
Microsoft Visual Studio Solution File, Format Version 12.00
# Visual Studio Version 17
VisualStudioVersion = 17.0.31903.59
MinimumVisualStudioVersion = 10.0.40219.1
Project("{2150E333-8FDC-42A3-9474-1A3956D46DE8}") = "src", "src", "{827E0CD3-B72D-47B6-A68D-7590B98EB39B}"
EndProject
Project("{FAE04EC0-301F-11D3-BF4B-00C04F79EFBC}") = "Rfq.Domain", "src\Rfq.Domain\Rfq.Domain.csproj", "{E783DD25-A4B7-4089-BE82-AD01E152517C}"
EndProject
Project("{FAE04EC0-301F-11D3-BF4B-00C04F79EFBC}") = "Rfq.Application", "src\Rfq.Application\Rfq.Application.csproj", "{4C04DC1A-D940-4B9B-ABAD-CEEBE91260DD}"
EndProject
Project("{FAE04EC0-301F-11D3-BF4B-00C04F79EFBC}") = "Rfq.Infrastructure", "src\Rfq.Infrastructure\Rfq.Infrastructure.csproj", "{6D5FB69E-F016-4DF0-AE0C-948FEB76CDE2}"
EndProject
Project("{FAE04EC0-301F-11D3-BF4B-00C04F79EFBC}") = "Rfq.Api", "src\Rfq.Api\Rfq.Api.csproj", "{3390E402-7278-4FDB-8DD5-E7ADBD820DCF}"
EndProject
Project("{FAE04EC0-301F-11D3-BF4B-00C04F79EFBC}") = "Rfq.DbTool", "src\Rfq.DbTool\Rfq.DbTool.csproj", "{5278F1DA-A09F-4216-A603-17788A30B903}"
EndProject
Project("{2150E333-8FDC-42A3-9474-1A3956D46DE8}") = "tests", "tests", "{0AB3BF05-4346-4AA6-1389-037BE0695223}"
EndProject
Project("{FAE04EC0-301F-11D3-BF4B-00C04F79EFBC}") = "Rfq.Domain.Tests", "tests\Rfq.Domain.Tests\Rfq.Domain.Tests.csproj", "{95D5D2B8-0654-460A-86E4-D7AFA476D8B5}"
EndProject
Project("{FAE04EC0-301F-11D3-BF4B-00C04F79EFBC}") = "Rfq.Application.Tests", "tests\Rfq.Application.Tests\Rfq.Application.Tests.csproj", "{38B8A9D7-0569-4FE2-B1E5-0C76608FC773}"
EndProject
Project("{FAE04EC0-301F-11D3-BF4B-00C04F79EFBC}") = "Rfq.Infrastructure.Tests", "tests\Rfq.Infrastructure.Tests\Rfq.Infrastructure.Tests.csproj", "{9866922B-A3D9-4CCC-ABAF-D6CC2E1292F2}"
EndProject
Project("{FAE04EC0-301F-11D3-BF4B-00C04F79EFBC}") = "Rfq.Api.Tests", "tests\Rfq.Api.Tests\Rfq.Api.Tests.csproj", "{8BC8EF6B-E90B-48DF-938B-1F6A7DC31712}"
EndProject
Global
	GlobalSection(SolutionConfigurationPlatforms) = preSolution
		Debug|Any CPU = Debug|Any CPU
		Debug|x64 = Debug|x64
		Debug|x86 = Debug|x86
		Release|Any CPU = Release|Any CPU
		Release|x64 = Release|x64
		Release|x86 = Release|x86
	EndGlobalSection
	GlobalSection(ProjectConfigurationPlatforms) = postSolution
		{E783DD25-A4B7-4089-BE82-AD01E152517C}.Debug|Any CPU.ActiveCfg = Debug|Any CPU
		{E783DD25-A4B7-4089-BE82-AD01E152517C}.Debug|Any CPU.Build.0 = Debug|Any CPU
		{E783DD25-A4B7-4089-BE82-AD01E152517C}.Debug|x64.ActiveCfg = Debug|Any CPU
		{E783DD25-A4B7-4089-BE82-AD01E152517C}.Debug|x64.Build.0 = Debug|Any CPU
		{E783DD25-A4B7-4089-BE82-AD01E152517C}.Debug|x86.ActiveCfg = Debug|Any CPU
		{E783DD25-A4B7-4089-BE82-AD01E152517C}.Debug|x86.Build.0 = Debug|Any CPU
		{E783DD25-A4B7-4089-BE82-AD01E152517C}.Release|Any CPU.ActiveCfg = Release|Any CPU
		{E783DD25-A4B7-4089-BE82-AD01E152517C}.Release|Any CPU.Build.0 = Release|Any CPU
		{E783DD25-A4B7-4089-BE82-AD01E152517C}.Release|x64.ActiveCfg = Release|Any CPU
		{E783DD25-A4B7-4089-BE82-AD01E152517C}.Release|x64.Build.0 = Release|Any CPU
		{E783DD25-A4B7-4089-BE82-AD01E152517C}.Release|x86.ActiveCfg = Release|Any CPU
		{E783DD25-A4B7-4089-BE82-AD01E152517C}.Release|x86.Build.0 = Release|Any CPU
		{4C04DC1A-D940-4B9B-ABAD-CEEBE91260DD}.Debug|Any CPU.ActiveCfg = Debug|Any CPU
		{4C04DC1A-D940-4B9B-ABAD-CEEBE91260DD}.Debug|Any CPU.Build.0 = Debug|Any CPU
		{4C04DC1A-D940-4B9B-ABAD-CEEBE91260DD}.Debug|x64.ActiveCfg = Debug|Any CPU
		{4C04DC1A-D940-4B9B-ABAD-CEEBE91260DD}.Debug|x64.Build.0 = Debug|Any CPU
		{4C04DC1A-D940-4B9B-ABAD-CEEBE91260DD}.Debug|x86.ActiveCfg = Debug|Any CPU
		{4C04DC1A-D940-4B9B-ABAD-CEEBE91260DD}.Debug|x86.Build.0 = Debug|Any CPU
		{4C04DC1A-D940-4B9B-ABAD-CEEBE91260DD}.Release|Any CPU.ActiveCfg = Release|Any CPU
		{4C04DC1A-D940-4B9B-ABAD-CEEBE91260DD}.Release|Any CPU.Build.0 = Release|Any CPU
		{4C04DC1A-D940-4B9B-ABAD-CEEBE91260DD}.Release|x64.ActiveCfg = Release|Any CPU
		{4C04DC1A-D940-4B9B-ABAD-CEEBE91260DD}.Release|x64.Build.0 = Release|Any CPU
		{4C04DC1A-D940-4B9B-ABAD-CEEBE91260DD}.Release|x86.ActiveCfg = Release|Any CPU
		{4C04DC1A-D940-4B9B-ABAD-CEEBE91260DD}.Release|x86.Build.0 = Release|Any CPU
		{6D5FB69E-F016-4DF0-AE0C-948FEB76CDE2}.Debug|Any CPU.ActiveCfg = Debug|Any CPU
		{6D5FB69E-F016-4DF0-AE0C-948FEB76CDE2}.Debug|Any CPU.Build.0 = Debug|Any CPU
		{6D5FB69E-F016-4DF0-AE0C-948FEB76CDE2}.Debug|x64.ActiveCfg = Debug|Any CPU
		{6D5FB69E-F016-4DF0-AE0C-948FEB76CDE2}.Debug|x64.Build.0 = Debug|Any CPU
		{6D5FB69E-F016-4DF0-AE0C-948FEB76CDE2}.Debug|x86.ActiveCfg = Debug|Any CPU
		{6D5FB69E-F016-4DF0-AE0C-948FEB76CDE2}.Debug|x86.Build.0 = Debug|Any CPU
		{6D5FB69E-F016-4DF0-AE0C-948FEB76CDE2}.Release|Any CPU.ActiveCfg = Release|Any CPU
		{6D5FB69E-F016-4DF0-AE0C-948FEB76CDE2}.Release|Any CPU.Build.0 = Release|Any CPU
		{6D5FB69E-F016-4DF0-AE0C-948FEB76CDE2}.Release|x64.ActiveCfg = Release|Any CPU
		{6D5FB69E-F016-4DF0-AE0C-948FEB76CDE2}.Release|x64.Build.0 = Release|Any CPU
		{6D5FB69E-F016-4DF0-AE0C-948FEB76CDE2}.Release|x86.ActiveCfg = Release|Any CPU
		{6D5FB69E-F016-4DF0-AE0C-948FEB76CDE2}.Release|x86.Build.0 = Release|Any CPU
		{3390E402-7278-4FDB-8DD5-E7ADBD820DCF}.Debug|Any CPU.ActiveCfg = Debug|Any CPU
		{3390E402-7278-4FDB-8DD5-E7ADBD820DCF}.Debug|Any CPU.Build.0 = Debug|Any CPU
		{3390E402-7278-4FDB-8DD5-E7ADBD820DCF}.Debug|x64.ActiveCfg = Debug|Any CPU
		{3390E402-7278-4FDB-8DD5-E7ADBD820DCF}.Debug|x64.Build.0 = Debug|Any CPU
		{3390E402-7278-4FDB-8DD5-E7ADBD820DCF}.Debug|x86.ActiveCfg = Debug|Any CPU
		{3390E402-7278-4FDB-8DD5-E7ADBD820DCF}.Debug|x86.Build.0 = Debug|Any CPU
		{3390E402-7278-4FDB-8DD5-E7ADBD820DCF}.Release|Any CPU.ActiveCfg = Release|Any CPU
		{3390E402-7278-4FDB-8DD5-E7ADBD820DCF}.Release|Any CPU.Build.0 = Release|Any CPU
		{3390E402-7278-4FDB-8DD5-E7ADBD820DCF}.Release|x64.ActiveCfg = Release|Any CPU
		{3390E402-7278-4FDB-8DD5-E7ADBD820DCF}.Release|x64.Build.0 = Release|Any CPU
		{3390E402-7278-4FDB-8DD5-E7ADBD820DCF}.Release|x86.ActiveCfg = Release|Any CPU
		{3390E402-7278-4FDB-8DD5-E7ADBD820DCF}.Release|x86.Build.0 = Release|Any CPU
		{5278F1DA-A09F-4216-A603-17788A30B903}.Debug|Any CPU.ActiveCfg = Debug|Any CPU
		{5278F1DA-A09F-4216-A603-17788A30B903}.Debug|Any CPU.Build.0 = Debug|Any CPU
		{5278F1DA-A09F-4216-A603-17788A30B903}.Debug|x64.ActiveCfg = Debug|Any CPU
		{5278F1DA-A09F-4216-A603-17788A30B903}.Debug|x64.Build.0 = Debug|Any CPU
		{5278F1DA-A09F-4216-A603-17788A30B903}.Debug|x86.ActiveCfg = Debug|Any CPU
		{5278F1DA-A09F-4216-A603-17788A30B903}.Debug|x86.Build.0 = Debug|Any CPU
		{5278F1DA-A09F-4216-A603-17788A30B903}.Release|Any CPU.ActiveCfg = Release|Any CPU
		{5278F1DA-A09F-4216-A603-17788A30B903}.Release|Any CPU.Build.0 = Release|Any CPU
		{5278F1DA-A09F-4216-A603-17788A30B903}.Release|x64.ActiveCfg = Release|Any CPU
		{5278F1DA-A09F-4216-A603-17788A30B903}.Release|x64.Build.0 = Release|Any CPU
		{5278F1DA-A09F-4216-A603-17788A30B903}.Release|x86.ActiveCfg = Release|Any CPU
		{5278F1DA-A09F-4216-A603-17788A30B903}.Release|x86.Build.0 = Release|Any CPU
		{95D5D2B8-0654-460A-86E4-D7AFA476D8B5}.Debug|Any CPU.ActiveCfg = Debug|Any CPU
		{95D5D2B8-0654-460A-86E4-D7AFA476D8B5}.Debug|Any CPU.Build.0 = Debug|Any CPU
		{95D5D2B8-0654-460A-86E4-D7AFA476D8B5}.Debug|x64.ActiveCfg = Debug|Any CPU
		{95D5D2B8-0654-460A-86E4-D7AFA476D8B5}.Debug|x64.Build.0 = Debug|Any CPU
		{95D5D2B8-0654-460A-86E4-D7AFA476D8B5}.Debug|x86.ActiveCfg = Debug|Any CPU
		{95D5D2B8-0654-460A-86E4-D7AFA476D8B5}.Debug|x86.Build.0 = Debug|Any CPU
		{95D5D2B8-0654-460A-86E4-D7AFA476D8B5}.Release|Any CPU.ActiveCfg = Release|Any CPU
		{95D5D2B8-0654-460A-86E4-D7AFA476D8B5}.Release|Any CPU.Build.0 = Release|Any CPU
		{95D5D2B8-0654-460A-86E4-D7AFA476D8B5}.Release|x64.ActiveCfg = Release|Any CPU
		{95D5D2B8-0654-460A-86E4-D7AFA476D8B5}.Release|x64.Build.0 = Release|Any CPU
		{95D5D2B8-0654-460A-86E4-D7AFA476D8B5}.Release|x86.ActiveCfg = Release|Any CPU
		{95D5D2B8-0654-460A-86E4-D7AFA476D8B5}.Release|x86.Build.0 = Release|Any CPU
		{38B8A9D7-0569-4FE2-B1E5-0C76608FC773}.Debug|Any CPU.ActiveCfg = Debug|Any CPU
		{38B8A9D7-0569-4FE2-B1E5-0C76608FC773}.Debug|Any CPU.Build.0 = Debug|Any CPU
		{38B8A9D7-0569-4FE2-B1E5-0C76608FC773}.Debug|x64.ActiveCfg = Debug|Any CPU
		{38B8A9D7-0569-4FE2-B1E5-0C76608FC773}.Debug|x64.Build.0 = Debug|Any CPU
		{38B8A9D7-0569-4FE2-B1E5-0C76608FC773}.Debug|x86.ActiveCfg = Debug|Any CPU
		{38B8A9D7-0569-4FE2-B1E5-0C76608FC773}.Debug|x86.Build.0 = Debug|Any CPU
		{38B8A9D7-0569-4FE2-B1E5-0C76608FC773}.Release|Any CPU.ActiveCfg = Release|Any CPU
		{38B8A9D7-0569-4FE2-B1E5-0C76608FC773}.Release|Any CPU.Build.0 = Release|Any CPU
		{38B8A9D7-0569-4FE2-B1E5-0C76608FC773}.Release|x64.ActiveCfg = Release|Any CPU
		{38B8A9D7-0569-4FE2-B1E5-0C76608FC773}.Release|x64.Build.0 = Release|Any CPU
		{38B8A9D7-0569-4FE2-B1E5-0C76608FC773}.Release|x86.ActiveCfg = Release|Any CPU
		{38B8A9D7-0569-4FE2-B1E5-0C76608FC773}.Release|x86.Build.0 = Release|Any CPU
		{9866922B-A3D9-4CCC-ABAF-D6CC2E1292F2}.Debug|Any CPU.ActiveCfg = Debug|Any CPU
		{9866922B-A3D9-4CCC-ABAF-D6CC2E1292F2}.Debug|Any CPU.Build.0 = Debug|Any CPU
		{9866922B-A3D9-4CCC-ABAF-D6CC2E1292F2}.Debug|x64.ActiveCfg = Debug|Any CPU
		{9866922B-A3D9-4CCC-ABAF-D6CC2E1292F2}.Debug|x64.Build.0 = Debug|Any CPU
		{9866922B-A3D9-4CCC-ABAF-D6CC2E1292F2}.Debug|x86.ActiveCfg = Debug|Any CPU
		{9866922B-A3D9-4CCC-ABAF-D6CC2E1292F2}.Debug|x86.Build.0 = Debug|Any CPU
		{9866922B-A3D9-4CCC-ABAF-D6CC2E1292F2}.Release|Any CPU.ActiveCfg = Release|Any CPU
		{9866922B-A3D9-4CCC-ABAF-D6CC2E1292F2}.Release|Any CPU.Build.0 = Release|Any CPU
		{9866922B-A3D9-4CCC-ABAF-D6CC2E1292F2}.Release|x64.ActiveCfg = Release|Any CPU
		{9866922B-A3D9-4CCC-ABAF-D6CC2E1292F2}.Release|x64.Build.0 = Release|Any CPU
		{9866922B-A3D9-4CCC-ABAF-D6CC2E1292F2}.Release|x86.ActiveCfg = Release|Any CPU
		{9866922B-A3D9-4CCC-ABAF-D6CC2E1292F2}.Release|x86.Build.0 = Release|Any CPU
		{8BC8EF6B-E90B-48DF-938B-1F6A7DC31712}.Debug|Any CPU.ActiveCfg = Debug|Any CPU
		{8BC8EF6B-E90B-48DF-938B-1F6A7DC31712}.Debug|Any CPU.Build.0 = Debug|Any CPU
		{8BC8EF6B-E90B-48DF-938B-1F6A7DC31712}.Debug|x64.ActiveCfg = Debug|Any CPU
		{8BC8EF6B-E90B-48DF-938B-1F6A7DC31712}.Debug|x64.Build.0 = Debug|Any CPU
		{8BC8EF6B-E90B-48DF-938B-1F6A7DC31712}.Debug|x86.ActiveCfg = Debug|Any CPU
		{8BC8EF6B-E90B-48DF-938B-1F6A7DC31712}.Debug|x86.Build.0 = Debug|Any CPU
		{8BC8EF6B-E90B-48DF-938B-1F6A7DC31712}.Release|Any CPU.ActiveCfg = Release|Any CPU
		{8BC8EF6B-E90B-48DF-938B-1F6A7DC31712}.Release|Any CPU.Build.0 = Release|Any CPU
		{8BC8EF6B-E90B-48DF-938B-1F6A7DC31712}.Release|x64.ActiveCfg = Release|Any CPU
		{8BC8EF6B-E90B-48DF-938B-1F6A7DC31712}.Release|x64.Build.0 = Release|Any CPU
		{8BC8EF6B-E90B-48DF-938B-1F6A7DC31712}.Release|x86.ActiveCfg = Release|Any CPU
		{8BC8EF6B-E90B-48DF-938B-1F6A7DC31712}.Release|x86.Build.0 = Release|Any CPU
	EndGlobalSection
	GlobalSection(SolutionProperties) = preSolution
		HideSolutionNode = FALSE
	EndGlobalSection
	GlobalSection(NestedProjects) = preSolution
		{E783DD25-A4B7-4089-BE82-AD01E152517C} = {827E0CD3-B72D-47B6-A68D-7590B98EB39B}
		{4C04DC1A-D940-4B9B-ABAD-CEEBE91260DD} = {827E0CD3-B72D-47B6-A68D-7590B98EB39B}
		{6D5FB69E-F016-4DF0-AE0C-948FEB76CDE2} = {827E0CD3-B72D-47B6-A68D-7590B98EB39B}
		{3390E402-7278-4FDB-8DD5-E7ADBD820DCF} = {827E0CD3-B72D-47B6-A68D-7590B98EB39B}
		{5278F1DA-A09F-4216-A603-17788A30B903} = {827E0CD3-B72D-47B6-A68D-7590B98EB39B}
		{95D5D2B8-0654-460A-86E4-D7AFA476D8B5} = {0AB3BF05-4346-4AA6-1389-037BE0695223}
		{38B8A9D7-0569-4FE2-B1E5-0C76608FC773} = {0AB3BF05-4346-4AA6-1389-037BE0695223}
		{9866922B-A3D9-4CCC-ABAF-D6CC2E1292F2} = {0AB3BF05-4346-4AA6-1389-037BE0695223}
		{8BC8EF6B-E90B-48DF-938B-1F6A7DC31712} = {0AB3BF05-4346-4AA6-1389-037BE0695223}
	EndGlobalSection
EndGlobal
